
Microsoft Visual Studio Solution File, Format Version 12.00
# Visual Studio Version 17
VisualStudioVersion = 17.4.33213.308
MinimumVisualStudioVersion = 10.0.40219.1
Project("{9A19103F-16F7-4668-BE54-9A1E7A4F7556}") = "MagicVilla_VillaAPI", "MagicVilla_VillaAPI\MagicVilla_VillaAPI.csproj", "{BEB6B6D5-7290-4668-A7A7-970EEAF2E631}"
EndProject
Project("{FAE04EC0-301F-11D3-BF4B-00C04F79EFBC}") = "MagicVilla_Web", "MagicVilla_Web\MagicVilla_Web.csproj", "{FBE5B2CC-8C83-4B64-8917-425F741EF10C}"
EndProject
Global
	GlobalSection(SolutionConfigurationPlatforms) = preSolution
		Debug|Any CPU = Debug|Any CPU
		Release|Any CPU = Release|Any CPU
	EndGlobalSection
	GlobalSection(ProjectConfigurationPlatforms) = postSolution
		{BEB6B6D5-7290-4668-A7A7-970EEAF2E631}.Debug|Any CPU.ActiveCfg = Debug|Any CPU
		{BEB6B6D5-7290-4668-A7A7-970EEAF2E631}.Debug|Any CPU.Build.0 = Debug|Any CPU
		{BEB6B6D5-7290-4668-A7A7-970EEAF2E631}.Release|Any CPU.ActiveCfg = Release|Any CPU
		{BEB6B6D5-7290-4668-A7A7-970EEAF2E631}.Release|Any CPU.Build.0 = Release|Any CPU
		{FBE5B2CC-8C83-4B64-8917-425F741EF10C}.Debug|Any CPU.ActiveCfg = Debug|Any CPU
		{FBE5B2CC-8C83-4B64-8917-425F741EF10C}.Debug|Any CPU.Build.0 = Debug|Any CPU
		{FBE5B2CC-8C83-4B64-8917-425F741EF10C}.Release|Any CPU.ActiveCfg = Release|Any CPU
		{FBE5B2CC-8C83-4B64-8917-425F741EF10C}.Release|Any CPU.Build.0 = Release|Any CPU
	EndGlobalSection
	GlobalSection(SolutionProperties) = preSolution
		HideSolutionNode = FALSE
	EndGlobalSection
	GlobalSection(ExtensibilityGlobals) = postSolution
		SolutionGuid = {0AEA2831-A185-4119-B96F-6789888EC2A1}
	EndGlobalSection
EndGlobal
